// !$*UTF8*$!
{
	archiveVersion = 1;
	classes = {
	};
	objectVersion = 55;
	objects = {

/* Begin PBXBuildFile section */
		7700B36428F520EE00D2D345 /* LoginViewController.swift in Sources */ = {isa = PBXBuildFile; fileRef = 7700B36328F520EE00D2D345 /* LoginViewController.swift */; };
		7700B36628F5210300D2D345 /* FeedViewController.swift in Sources */ = {isa = PBXBuildFile; fileRef = 7700B36528F5210300D2D345 /* FeedViewController.swift */; };
		7700B36828F530A200D2D345 /* CameraViewController.swift in Sources */ = {isa = PBXBuildFile; fileRef = 7700B36728F530A200D2D345 /* CameraViewController.swift */; };
		7710C99F28F50721007FC4EF /* AppDelegate.swift in Sources */ = {isa = PBXBuildFile; fileRef = 7710C99E28F50721007FC4EF /* AppDelegate.swift */; };
		7710C9A128F50721007FC4EF /* SceneDelegate.swift in Sources */ = {isa = PBXBuildFile; fileRef = 7710C9A028F50721007FC4EF /* SceneDelegate.swift */; };
		7710C9A628F50721007FC4EF /* Main.storyboard in Resources */ = {isa = PBXBuildFile; fileRef = 7710C9A428F50721007FC4EF /* Main.storyboard */; };
		7710C9A828F50721007FC4EF /* Assets.xcassets in Resources */ = {isa = PBXBuildFile; fileRef = 7710C9A728F50721007FC4EF /* Assets.xcassets */; };
		7710C9AB28F50721007FC4EF /* LaunchScreen.storyboard in Resources */ = {isa = PBXBuildFile; fileRef = 7710C9A928F50721007FC4EF /* LaunchScreen.storyboard */; };
		7710C9B628F50721007FC4EF /* ParstagramTests.swift in Sources */ = {isa = PBXBuildFile; fileRef = 7710C9B528F50721007FC4EF /* ParstagramTests.swift */; };
		7710C9C028F50721007FC4EF /* ParstagramUITests.swift in Sources */ = {isa = PBXBuildFile; fileRef = 7710C9BF28F50721007FC4EF /* ParstagramUITests.swift */; };
		7710C9C228F50721007FC4EF /* ParstagramUITestsLaunchTests.swift in Sources */ = {isa = PBXBuildFile; fileRef = 7710C9C128F50721007FC4EF /* ParstagramUITestsLaunchTests.swift */; };
		77A5882F28FB8FB000A250AD /* CommentCell.swift in Sources */ = {isa = PBXBuildFile; fileRef = 77A5882E28FB8FB000A250AD /* CommentCell.swift */; };
		77BDE0CA28F7616300A8C988 /* PostCell.swift in Sources */ = {isa = PBXBuildFile; fileRef = 77BDE0C928F7616300A8C988 /* PostCell.swift */; };
		77BF8A5228FBE1C400899845 /* ProfileViewController.swift in Sources */ = {isa = PBXBuildFile; fileRef = 77BF8A5128FBE1C400899845 /* ProfileViewController.swift */; };
		9FD456A25C721C02C8CA3327 /* Pods_Parstagram.framework in Frameworks */ = {isa = PBXBuildFile; fileRef = FFB75F9E165DF36428FD3D54 /* Pods_Parstagram.framework */; };
		D084BD81D8C64E109755E236 /* Pods_Parstagram_ParstagramUITests.framework in Frameworks */ = {isa = PBXBuildFile; fileRef = E800DDACAF100A6A91C857FA /* Pods_Parstagram_ParstagramUITests.framework */; };
		D952E81D56A7FD474C79E05A /* Pods_ParstagramTests.framework in Frameworks */ = {isa = PBXBuildFile; fileRef = 49CF9CECFD3A5AC2FD537858 /* Pods_ParstagramTests.framework */; };
/* End PBXBuildFile section */

/* Begin PBXContainerItemProxy section */
		7710C9B228F50721007FC4EF /* PBXContainerItemProxy */ = {
			isa = PBXContainerItemProxy;
			containerPortal = 7710C99328F50721007FC4EF /* Project object */;
			proxyType = 1;
			remoteGlobalIDString = 7710C99A28F50721007FC4EF;
			remoteInfo = Parstagram;
		};
		7710C9BC28F50721007FC4EF /* PBXContainerItemProxy */ = {
			isa = PBXContainerItemProxy;
			containerPortal = 7710C99328F50721007FC4EF /* Project object */;
			proxyType = 1;
			remoteGlobalIDString = 7710C99A28F50721007FC4EF;
			remoteInfo = Parstagram;
		};
/* End PBXContainerItemProxy section */

/* Begin PBXFileReference section */
		1BC9DD8721352C4F5CB784AE /* Pods-ParstagramTests.debug.xcconfig */ = {isa = PBXFileReference; includeInIndex = 1; lastKnownFileType = text.xcconfig; name = "Pods-ParstagramTests.debug.xcconfig"; path = "Target Support Files/Pods-ParstagramTests/Pods-ParstagramTests.debug.xcconfig"; sourceTree = "<group>"; };
		49CF9CECFD3A5AC2FD537858 /* Pods_ParstagramTests.framework */ = {isa = PBXFileReference; explicitFileType = wrapper.framework; includeInIndex = 0; path = Pods_ParstagramTests.framework; sourceTree = BUILT_PRODUCTS_DIR; };
		5102EB5DEDC5079B77AAD1AD /* Pods-Parstagram-ParstagramUITests.release.xcconfig */ = {isa = PBXFileReference; includeInIndex = 1; lastKnownFileType = text.xcconfig; name = "Pods-Parstagram-ParstagramUITests.release.xcconfig"; path = "Target Support Files/Pods-Parstagram-ParstagramUITests/Pods-Parstagram-ParstagramUITests.release.xcconfig"; sourceTree = "<group>"; };
		5F91BCEF8F4E88FB9463222D /* Pods-ParstagramTests.release.xcconfig */ = {isa = PBXFileReference; includeInIndex = 1; lastKnownFileType = text.xcconfig; name = "Pods-ParstagramTests.release.xcconfig"; path = "Target Support Files/Pods-ParstagramTests/Pods-ParstagramTests.release.xcconfig"; sourceTree = "<group>"; };
		7700B36328F520EE00D2D345 /* LoginViewController.swift */ = {isa = PBXFileReference; lastKnownFileType = sourcecode.swift; path = LoginViewController.swift; sourceTree = "<group>"; };
		7700B36528F5210300D2D345 /* FeedViewController.swift */ = {isa = PBXFileReference; lastKnownFileType = sourcecode.swift; path = FeedViewController.swift; sourceTree = "<group>"; };
		7700B36728F530A200D2D345 /* CameraViewController.swift */ = {isa = PBXFileReference; lastKnownFileType = sourcecode.swift; path = CameraViewController.swift; sourceTree = "<group>"; };
		7710C99B28F50721007FC4EF /* Parstagram.app */ = {isa = PBXFileReference; explicitFileType = wrapper.application; includeInIndex = 0; path = Parstagram.app; sourceTree = BUILT_PRODUCTS_DIR; };
		7710C99E28F50721007FC4EF /* AppDelegate.swift */ = {isa = PBXFileReference; lastKnownFileType = sourcecode.swift; path = AppDelegate.swift; sourceTree = "<group>"; };
		7710C9A028F50721007FC4EF /* SceneDelegate.swift */ = {isa = PBXFileReference; lastKnownFileType = sourcecode.swift; path = SceneDelegate.swift; sourceTree = "<group>"; };
		7710C9A528F50721007FC4EF /* Base */ = {isa = PBXFileReference; lastKnownFileType = file.storyboard; name = Base; path = Base.lproj/Main.storyboard; sourceTree = "<group>"; };
		7710C9A728F50721007FC4EF /* Assets.xcassets */ = {isa = PBXFileReference; lastKnownFileType = folder.assetcatalog; path = Assets.xcassets; sourceTree = "<group>"; };
		7710C9AA28F50721007FC4EF /* Base */ = {isa = PBXFileReference; lastKnownFileType = file.storyboard; name = Base; path = Base.lproj/LaunchScreen.storyboard; sourceTree = "<group>"; };
		7710C9AC28F50721007FC4EF /* Info.plist */ = {isa = PBXFileReference; lastKnownFileType = text.plist.xml; path = Info.plist; sourceTree = "<group>"; };
		7710C9B128F50721007FC4EF /* ParstagramTests.xctest */ = {isa = PBXFileReference; explicitFileType = wrapper.cfbundle; includeInIndex = 0; path = ParstagramTests.xctest; sourceTree = BUILT_PRODUCTS_DIR; };
		7710C9B528F50721007FC4EF /* ParstagramTests.swift */ = {isa = PBXFileReference; lastKnownFileType = sourcecode.swift; path = ParstagramTests.swift; sourceTree = "<group>"; };
		7710C9BB28F50721007FC4EF /* ParstagramUITests.xctest */ = {isa = PBXFileReference; explicitFileType = wrapper.cfbundle; includeInIndex = 0; path = ParstagramUITests.xctest; sourceTree = BUILT_PRODUCTS_DIR; };
		7710C9BF28F50721007FC4EF /* ParstagramUITests.swift */ = {isa = PBXFileReference; lastKnownFileType = sourcecode.swift; path = ParstagramUITests.swift; sourceTree = "<group>"; };
		7710C9C128F50721007FC4EF /* ParstagramUITestsLaunchTests.swift */ = {isa = PBXFileReference; lastKnownFileType = sourcecode.swift; path = ParstagramUITestsLaunchTests.swift; sourceTree = "<group>"; };
		7734AB8F70F2DFA39884B9D1 /* Pods-Parstagram-ParstagramUITests.debug.xcconfig */ = {isa = PBXFileReference; includeInIndex = 1; lastKnownFileType = text.xcconfig; name = "Pods-Parstagram-ParstagramUITests.debug.xcconfig"; path = "Target Support Files/Pods-Parstagram-ParstagramUITests/Pods-Parstagram-ParstagramUITests.debug.xcconfig"; sourceTree = "<group>"; };
		77A5882E28FB8FB000A250AD /* CommentCell.swift */ = {isa = PBXFileReference; lastKnownFileType = sourcecode.swift; path = CommentCell.swift; sourceTree = "<group>"; };
		77BDE0C928F7616300A8C988 /* PostCell.swift */ = {isa = PBXFileReference; lastKnownFileType = sourcecode.swift; path = PostCell.swift; sourceTree = "<group>"; };
		77BF8A5128FBE1C400899845 /* ProfileViewController.swift */ = {isa = PBXFileReference; lastKnownFileType = sourcecode.swift; path = ProfileViewController.swift; sourceTree = "<group>"; };
		989EF9C0D29ACF9524130198 /* Pods-Parstagram.debug.xcconfig */ = {isa = PBXFileReference; includeInIndex = 1; lastKnownFileType = text.xcconfig; name = "Pods-Parstagram.debug.xcconfig"; path = "Target Support Files/Pods-Parstagram/Pods-Parstagram.debug.xcconfig"; sourceTree = "<group>"; };
		E5FBEA917B9FBCE661DBEDB8 /* Pods-Parstagram.release.xcconfig */ = {isa = PBXFileReference; includeInIndex = 1; lastKnownFileType = text.xcconfig; name = "Pods-Parstagram.release.xcconfig"; path = "Target Support Files/Pods-Parstagram/Pods-Parstagram.release.xcconfig"; sourceTree = "<group>"; };
		E800DDACAF100A6A91C857FA /* Pods_Parstagram_ParstagramUITests.framework */ = {isa = PBXFileReference; explicitFileType = wrapper.framework; includeInIndex = 0; path = Pods_Parstagram_ParstagramUITests.framework; sourceTree = BUILT_PRODUCTS_DIR; };
		FFB75F9E165DF36428FD3D54 /* Pods_Parstagram.framework */ = {isa = PBXFileReference; explicitFileType = wrapper.framework; includeInIndex = 0; path = Pods_Parstagram.framework; sourceTree = BUILT_PRODUCTS_DIR; };
/* End PBXFileReference section */

/* Begin PBXFrameworksBuildPhase section */
		7710C99828F50721007FC4EF /* Frameworks */ = {
			isa = PBXFrameworksBuildPhase;
			buildActionMask = 2147483647;
			files = (
				9FD456A25C721C02C8CA3327 /* Pods_Parstagram.framework in Frameworks */,
			);
			runOnlyForDeploymentPostprocessing = 0;
		};
		7710C9AE28F50721007FC4EF /* Frameworks */ = {
			isa = PBXFrameworksBuildPhase;
			buildActionMask = 2147483647;
			files = (
				D952E81D56A7FD474C79E05A /* Pods_ParstagramTests.framework in Frameworks */,
			);
			runOnlyForDeploymentPostprocessing = 0;
		};
		7710C9B828F50721007FC4EF /* Frameworks */ = {
			isa = PBXFrameworksBuildPhase;
			buildActionMask = 2147483647;
			files = (
				D084BD81D8C64E109755E236 /* Pods_Parstagram_ParstagramUITests.framework in Frameworks */,
			);
			runOnlyForDeploymentPostprocessing = 0;
		};
/* End PBXFrameworksBuildPhase section */

/* Begin PBXGroup section */
		5DA4B16324931D2760355455 /* Frameworks */ = {
			isa = PBXGroup;
			children = (
				FFB75F9E165DF36428FD3D54 /* Pods_Parstagram.framework */,
				E800DDACAF100A6A91C857FA /* Pods_Parstagram_ParstagramUITests.framework */,
				49CF9CECFD3A5AC2FD537858 /* Pods_ParstagramTests.framework */,
			);
			name = Frameworks;
			sourceTree = "<group>";
		};
		7710C99228F50721007FC4EF = {
			isa = PBXGroup;
			children = (
				7710C99D28F50721007FC4EF /* Parstagram */,
				7710C9B428F50721007FC4EF /* ParstagramTests */,
				7710C9BE28F50721007FC4EF /* ParstagramUITests */,
				7710C99C28F50721007FC4EF /* Products */,
				86BBDBC9E7323092E14975EB /* Pods */,
				5DA4B16324931D2760355455 /* Frameworks */,
			);
			sourceTree = "<group>";
		};
		7710C99C28F50721007FC4EF /* Products */ = {
			isa = PBXGroup;
			children = (
				7710C99B28F50721007FC4EF /* Parstagram.app */,
				7710C9B128F50721007FC4EF /* ParstagramTests.xctest */,
				7710C9BB28F50721007FC4EF /* ParstagramUITests.xctest */,
			);
			name = Products;
			sourceTree = "<group>";
		};
		7710C99D28F50721007FC4EF /* Parstagram */ = {
			isa = PBXGroup;
			children = (
				7710C99E28F50721007FC4EF /* AppDelegate.swift */,
				7710C9A028F50721007FC4EF /* SceneDelegate.swift */,
				7710C9A428F50721007FC4EF /* Main.storyboard */,
				7710C9A728F50721007FC4EF /* Assets.xcassets */,
				7710C9A928F50721007FC4EF /* LaunchScreen.storyboard */,
				7710C9AC28F50721007FC4EF /* Info.plist */,
				7700B36328F520EE00D2D345 /* LoginViewController.swift */,
				7700B36528F5210300D2D345 /* FeedViewController.swift */,
				7700B36728F530A200D2D345 /* CameraViewController.swift */,
				77BDE0C928F7616300A8C988 /* PostCell.swift */,
				77A5882E28FB8FB000A250AD /* CommentCell.swift */,
				77BF8A5128FBE1C400899845 /* ProfileViewController.swift */,
			);
			path = Parstagram;
			sourceTree = "<group>";
		};
		7710C9B428F50721007FC4EF /* ParstagramTests */ = {
			isa = PBXGroup;
			children = (
				7710C9B528F50721007FC4EF /* ParstagramTests.swift */,
			);
			path = ParstagramTests;
			sourceTree = "<group>";
		};
		7710C9BE28F50721007FC4EF /* ParstagramUITests */ = {
			isa = PBXGroup;
			children = (
				7710C9BF28F50721007FC4EF /* ParstagramUITests.swift */,
				7710C9C128F50721007FC4EF /* ParstagramUITestsLaunchTests.swift */,
			);
			path = ParstagramUITests;
			sourceTree = "<group>";
		};
		86BBDBC9E7323092E14975EB /* Pods */ = {
			isa = PBXGroup;
			children = (
				989EF9C0D29ACF9524130198 /* Pods-Parstagram.debug.xcconfig */,
				E5FBEA917B9FBCE661DBEDB8 /* Pods-Parstagram.release.xcconfig */,
				7734AB8F70F2DFA39884B9D1 /* Pods-Parstagram-ParstagramUITests.debug.xcconfig */,
				5102EB5DEDC5079B77AAD1AD /* Pods-Parstagram-ParstagramUITests.release.xcconfig */,
				1BC9DD8721352C4F5CB784AE /* Pods-ParstagramTests.debug.xcconfig */,
				5F91BCEF8F4E88FB9463222D /* Pods-ParstagramTests.release.xcconfig */,
			);
			path = Pods;
			sourceTree = "<group>";
		};
/* End PBXGroup section */

/* Begin PBXNativeTarget section */
		7710C99A28F50721007FC4EF /* Parstagram */ = {
			isa = PBXNativeTarget;
			buildConfigurationList = 7710C9C528F50721007FC4EF /* Build configuration list for PBXNativeTarget "Parstagram" */;
			buildPhases = (
				91F579DD615A60908F380EA1 /* [CP] Check Pods Manifest.lock */,
				7710C99728F50721007FC4EF /* Sources */,
				7710C99828F50721007FC4EF /* Frameworks */,
				7710C99928F50721007FC4EF /* Resources */,
				D82190921752DC735F11DBBE /* [CP] Embed Pods Frameworks */,
			);
			buildRules = (
			);
			dependencies = (
			);
			name = Parstagram;
			productName = Parstagram;
			productReference = 7710C99B28F50721007FC4EF /* Parstagram.app */;
			productType = "com.apple.product-type.application";
		};
		7710C9B028F50721007FC4EF /* ParstagramTests */ = {
			isa = PBXNativeTarget;
			buildConfigurationList = 7710C9C828F50721007FC4EF /* Build configuration list for PBXNativeTarget "ParstagramTests" */;
			buildPhases = (
				2E063C20F81E1FC2114D3507 /* [CP] Check Pods Manifest.lock */,
				7710C9AD28F50721007FC4EF /* Sources */,
				7710C9AE28F50721007FC4EF /* Frameworks */,
				7710C9AF28F50721007FC4EF /* Resources */,
			);
			buildRules = (
			);
			dependencies = (
				7710C9B328F50721007FC4EF /* PBXTargetDependency */,
			);
			name = ParstagramTests;
			productName = ParstagramTests;
			productReference = 7710C9B128F50721007FC4EF /* ParstagramTests.xctest */;
			productType = "com.apple.product-type.bundle.unit-test";
		};
		7710C9BA28F50721007FC4EF /* ParstagramUITests */ = {
			isa = PBXNativeTarget;
			buildConfigurationList = 7710C9CB28F50721007FC4EF /* Build configuration list for PBXNativeTarget "ParstagramUITests" */;
			buildPhases = (
				A98C98B5D2BB2B7A22C036A1 /* [CP] Check Pods Manifest.lock */,
				7710C9B728F50721007FC4EF /* Sources */,
				7710C9B828F50721007FC4EF /* Frameworks */,
				7710C9B928F50721007FC4EF /* Resources */,
				C80C7AA5E3EEB815DC4C096D /* [CP] Embed Pods Frameworks */,
			);
			buildRules = (
			);
			dependencies = (
				7710C9BD28F50721007FC4EF /* PBXTargetDependency */,
			);
			name = ParstagramUITests;
			productName = ParstagramUITests;
			productReference = 7710C9BB28F50721007FC4EF /* ParstagramUITests.xctest */;
			productType = "com.apple.product-type.bundle.ui-testing";
		};
/* End PBXNativeTarget section */

/* Begin PBXProject section */
		7710C99328F50721007FC4EF /* Project object */ = {
			isa = PBXProject;
			attributes = {
				BuildIndependentTargetsInParallel = 1;
				LastSwiftUpdateCheck = 1400;
				LastUpgradeCheck = 1400;
				TargetAttributes = {
					7710C99A28F50721007FC4EF = {
						CreatedOnToolsVersion = 14.0;
					};
					7710C9B028F50721007FC4EF = {
						CreatedOnToolsVersion = 14.0;
						TestTargetID = 7710C99A28F50721007FC4EF;
					};
					7710C9BA28F50721007FC4EF = {
						CreatedOnToolsVersion = 14.0;
						TestTargetID = 7710C99A28F50721007FC4EF;
					};
				};
			};
			buildConfigurationList = 7710C99628F50721007FC4EF /* Build configuration list for PBXProject "Parstagram" */;
			compatibilityVersion = "Xcode 13.0";
			developmentRegion = en;
			hasScannedForEncodings = 0;
			knownRegions = (
				en,
				Base,
			);
			mainGroup = 7710C99228F50721007FC4EF;
			productRefGroup = 7710C99C28F50721007FC4EF /* Products */;
			projectDirPath = "";
			projectRoot = "";
			targets = (
				7710C99A28F50721007FC4EF /* Parstagram */,
				7710C9B028F50721007FC4EF /* ParstagramTests */,
				7710C9BA28F50721007FC4EF /* ParstagramUITests */,
			);
		};
/* End PBXProject section */

/* Begin PBXResourcesBuildPhase section */
		7710C99928F50721007FC4EF /* Resources */ = {
			isa = PBXResourcesBuildPhase;
			buildActionMask = 2147483647;
			files = (
				7710C9AB28F50721007FC4EF /* LaunchScreen.storyboard in Resources */,
				7710C9A828F50721007FC4EF /* Assets.xcassets in Resources */,
				7710C9A628F50721007FC4EF /* Main.storyboard in Resources */,
			);
			runOnlyForDeploymentPostprocessing = 0;
		};
		7710C9AF28F50721007FC4EF /* Resources */ = {
			isa = PBXResourcesBuildPhase;
			buildActionMask = 2147483647;
			files = (
			);
			runOnlyForDeploymentPostprocessing = 0;
		};
		7710C9B928F50721007FC4EF /* Resources */ = {
			isa = PBXResourcesBuildPhase;
			buildActionMask = 2147483647;
			files = (
			);
			runOnlyForDeploymentPostprocessing = 0;
		};
/* End PBXResourcesBuildPhase section */

/* Begin PBXShellScriptBuildPhase section */
		2E063C20F81E1FC2114D3507 /* [CP] Check Pods Manifest.lock */ = {
			isa = PBXShellScriptBuildPhase;
			buildActionMask = 2147483647;
			files = (
			);
			inputFileListPaths = (
			);
			inputPaths = (
				"${PODS_PODFILE_DIR_PATH}/Podfile.lock",
				"${PODS_ROOT}/Manifest.lock",
			);
			name = "[CP] Check Pods Manifest.lock";
			outputFileListPaths = (
			);
			outputPaths = (
				"$(DERIVED_FILE_DIR)/Pods-ParstagramTests-checkManifestLockResult.txt",
			);
			runOnlyForDeploymentPostprocessing = 0;
			shellPath = /bin/sh;
			shellScript = "diff \"${PODS_PODFILE_DIR_PATH}/Podfile.lock\" \"${PODS_ROOT}/Manifest.lock\" > /dev/null\nif [ $? != 0 ] ; then\n    # print error to STDERR\n    echo \"error: The sandbox is not in sync with the Podfile.lock. Run 'pod install' or update your CocoaPods installation.\" >&2\n    exit 1\nfi\n# This output is used by Xcode 'outputs' to avoid re-running this script phase.\necho \"SUCCESS\" > \"${SCRIPT_OUTPUT_FILE_0}\"\n";
			showEnvVarsInLog = 0;
		};
		91F579DD615A60908F380EA1 /* [CP] Check Pods Manifest.lock */ = {
			isa = PBXShellScriptBuildPhase;
			buildActionMask = 2147483647;
			files = (
			);
			inputFileListPaths = (
			);
			inputPaths = (
				"${PODS_PODFILE_DIR_PATH}/Podfile.lock",
				"${PODS_ROOT}/Manifest.lock",
			);
			name = "[CP] Check Pods Manifest.lock";
			outputFileListPaths = (
			);
			outputPaths = (
				"$(DERIVED_FILE_DIR)/Pods-Parstagram-checkManifestLockResult.txt",
			);
			runOnlyForDeploymentPostprocessing = 0;
			shellPath = /bin/sh;
			shellScript = "diff \"${PODS_PODFILE_DIR_PATH}/Podfile.lock\" \"${PODS_ROOT}/Manifest.lock\" > /dev/null\nif [ $? != 0 ] ; then\n    # print error to STDERR\n    echo \"error: The sandbox is not in sync with the Podfile.lock. Run 'pod install' or update your CocoaPods installation.\" >&2\n    exit 1\nfi\n# This output is used by Xcode 'outputs' to avoid re-running this script phase.\necho \"SUCCESS\" > \"${SCRIPT_OUTPUT_FILE_0}\"\n";
			showEnvVarsInLog = 0;
		};
		A98C98B5D2BB2B7A22C036A1 /* [CP] Check Pods Manifest.lock */ = {
			isa = PBXShellScriptBuildPhase;
			buildActionMask = 2147483647;
			files = (
			);
			inputFileListPaths = (
			);
			inputPaths = (
				"${PODS_PODFILE_DIR_PATH}/Podfile.lock",
				"${PODS_ROOT}/Manifest.lock",
			);
			name = "[CP] Check Pods Manifest.lock";
			outputFileListPaths = (
			);
			outputPaths = (
				"$(DERIVED_FILE_DIR)/Pods-Parstagram-ParstagramUITests-checkManifestLockResult.txt",
			);
			runOnlyForDeploymentPostprocessing = 0;
			shellPath = /bin/sh;
			shellScript = "diff \"${PODS_PODFILE_DIR_PATH}/Podfile.lock\" \"${PODS_ROOT}/Manifest.lock\" > /dev/null\nif [ $? != 0 ] ; then\n    # print error to STDERR\n    echo \"error: The sandbox is not in sync with the Podfile.lock. Run 'pod install' or update your CocoaPods installation.\" >&2\n    exit 1\nfi\n# This output is used by Xcode 'outputs' to avoid re-running this script phase.\necho \"SUCCESS\" > \"${SCRIPT_OUTPUT_FILE_0}\"\n";
			showEnvVarsInLog = 0;
		};
		C80C7AA5E3EEB815DC4C096D /* [CP] Embed Pods Frameworks */ = {
			isa = PBXShellScriptBuildPhase;
			buildActionMask = 2147483647;
			files = (
			);
			inputFileListPaths = (
				"${PODS_ROOT}/Target Support Files/Pods-Parstagram-ParstagramUITests/Pods-Parstagram-ParstagramUITests-frameworks-${CONFIGURATION}-input-files.xcfilelist",
			);
			name = "[CP] Embed Pods Frameworks";
			outputFileListPaths = (
				"${PODS_ROOT}/Target Support Files/Pods-Parstagram-ParstagramUITests/Pods-Parstagram-ParstagramUITests-frameworks-${CONFIGURATION}-output-files.xcfilelist",
			);
			runOnlyForDeploymentPostprocessing = 0;
			shellPath = /bin/sh;
			shellScript = "\"${PODS_ROOT}/Target Support Files/Pods-Parstagram-ParstagramUITests/Pods-Parstagram-ParstagramUITests-frameworks.sh\"\n";
			showEnvVarsInLog = 0;
		};
		D82190921752DC735F11DBBE /* [CP] Embed Pods Frameworks */ = {
			isa = PBXShellScriptBuildPhase;
			buildActionMask = 2147483647;
			files = (
			);
			inputFileListPaths = (
				"${PODS_ROOT}/Target Support Files/Pods-Parstagram/Pods-Parstagram-frameworks-${CONFIGURATION}-input-files.xcfilelist",
			);
			name = "[CP] Embed Pods Frameworks";
			outputFileListPaths = (
				"${PODS_ROOT}/Target Support Files/Pods-Parstagram/Pods-Parstagram-frameworks-${CONFIGURATION}-output-files.xcfilelist",
			);
			runOnlyForDeploymentPostprocessing = 0;
			shellPath = /bin/sh;
			shellScript = "\"${PODS_ROOT}/Target Support Files/Pods-Parstagram/Pods-Parstagram-frameworks.sh\"\n";
			showEnvVarsInLog = 0;
		};
/* End PBXShellScriptBuildPhase section */

/* Begin PBXSourcesBuildPhase section */
		7710C99728F50721007FC4EF /* Sources */ = {
			isa = PBXSourcesBuildPhase;
			buildActionMask = 2147483647;
			files = (
				7700B36428F520EE00D2D345 /* LoginViewController.swift in Sources */,
				7700B36828F530A200D2D345 /* CameraViewController.swift in Sources */,
				7710C99F28F50721007FC4EF /* AppDelegate.swift in Sources */,
				7700B36628F5210300D2D345 /* FeedViewController.swift in Sources */,
				7710C9A128F50721007FC4EF /* SceneDelegate.swift in Sources */,
				77BDE0CA28F7616300A8C988 /* PostCell.swift in Sources */,
				77BF8A5228FBE1C400899845 /* ProfileViewController.swift in Sources */,
				77A5882F28FB8FB000A250AD /* CommentCell.swift in Sources */,
			);
			runOnlyForDeploymentPostprocessing = 0;
		};
		7710C9AD28F50721007FC4EF /* Sources */ = {
			isa = PBXSourcesBuildPhase;
			buildActionMask = 2147483647;
			files = (
				7710C9B628F50721007FC4EF /* ParstagramTests.swift in Sources */,
			);
			runOnlyForDeploymentPostprocessing = 0;
		};
		7710C9B728F50721007FC4EF /* Sources */ = {
			isa = PBXSourcesBuildPhase;
			buildActionMask = 2147483647;
			files = (
				7710C9C228F50721007FC4EF /* ParstagramUITestsLaunchTests.swift in Sources */,
				7710C9C028F50721007FC4EF /* ParstagramUITests.swift in Sources */,
			);
			runOnlyForDeploymentPostprocessing = 0;
		};
/* End PBXSourcesBuildPhase section */

/* Begin PBXTargetDependency section */
		7710C9B328F50721007FC4EF /* PBXTargetDependency */ = {
			isa = PBXTargetDependency;
			target = 7710C99A28F50721007FC4EF /* Parstagram */;
			targetProxy = 7710C9B228F50721007FC4EF /* PBXContainerItemProxy */;
		};
		7710C9BD28F50721007FC4EF /* PBXTargetDependency */ = {
			isa = PBXTargetDependency;
			target = 7710C99A28F50721007FC4EF /* Parstagram */;
			targetProxy = 7710C9BC28F50721007FC4EF /* PBXContainerItemProxy */;
		};
/* End PBXTargetDependency section */

/* Begin PBXVariantGroup section */
		7710C9A428F50721007FC4EF /* Main.storyboard */ = {
			isa = PBXVariantGroup;
			children = (
				7710C9A528F50721007FC4EF /* Base */,
			);
			name = Main.storyboard;
			sourceTree = "<group>";
		};
		7710C9A928F50721007FC4EF /* LaunchScreen.storyboard */ = {
			isa = PBXVariantGroup;
			children = (
				7710C9AA28F50721007FC4EF /* Base */,
			);
			name = LaunchScreen.storyboard;
			sourceTree = "<group>";
		};
/* End PBXVariantGroup section */

/* Begin XCBuildConfiguration section */
		7710C9C328F50721007FC4EF /* Debug */ = {
			isa = XCBuildConfiguration;
			buildSettings = {
				ALWAYS_SEARCH_USER_PATHS = NO;
				CLANG_ANALYZER_NONNULL = YES;
				CLANG_ANALYZER_NUMBER_OBJECT_CONVERSION = YES_AGGRESSIVE;
				CLANG_CXX_LANGUAGE_STANDARD = "gnu++20";
				CLANG_ENABLE_MODULES = YES;
				CLANG_ENABLE_OBJC_ARC = YES;
				CLANG_ENABLE_OBJC_WEAK = YES;
				CLANG_WARN_BLOCK_CAPTURE_AUTORELEASING = YES;
				CLANG_WARN_BOOL_CONVERSION = YES;
				CLANG_WARN_COMMA = YES;
				CLANG_WARN_CONSTANT_CONVERSION = YES;
				CLANG_WARN_DEPRECATED_OBJC_IMPLEMENTATIONS = YES;
				CLANG_WARN_DIRECT_OBJC_ISA_USAGE = YES_ERROR;
				CLANG_WARN_DOCUMENTATION_COMMENTS = YES;
				CLANG_WARN_EMPTY_BODY = YES;
				CLANG_WARN_ENUM_CONVERSION = YES;
				CLANG_WARN_INFINITE_RECURSION = YES;
				CLANG_WARN_INT_CONVERSION = YES;
				CLANG_WARN_NON_LITERAL_NULL_CONVERSION = YES;
				CLANG_WARN_OBJC_IMPLICIT_RETAIN_SELF = YES;
				CLANG_WARN_OBJC_LITERAL_CONVERSION = YES;
				CLANG_WARN_OBJC_ROOT_CLASS = YES_ERROR;
				CLANG_WARN_QUOTED_INCLUDE_IN_FRAMEWORK_HEADER = YES;
				CLANG_WARN_RANGE_LOOP_ANALYSIS = YES;
				CLANG_WARN_STRICT_PROTOTYPES = YES;
				CLANG_WARN_SUSPICIOUS_MOVE = YES;
				CLANG_WARN_UNGUARDED_AVAILABILITY = YES_AGGRESSIVE;
				CLANG_WARN_UNREACHABLE_CODE = YES;
				CLANG_WARN__DUPLICATE_METHOD_MATCH = YES;
				COPY_PHASE_STRIP = NO;
				DEBUG_INFORMATION_FORMAT = dwarf;
				ENABLE_STRICT_OBJC_MSGSEND = YES;
				ENABLE_TESTABILITY = YES;
				GCC_C_LANGUAGE_STANDARD = gnu11;
				GCC_DYNAMIC_NO_PIC = NO;
				GCC_NO_COMMON_BLOCKS = YES;
				GCC_OPTIMIZATION_LEVEL = 0;
				GCC_PREPROCESSOR_DEFINITIONS = (
					"DEBUG=1",
					"$(inherited)",
				);
				GCC_WARN_64_TO_32_BIT_CONVERSION = YES;
				GCC_WARN_ABOUT_RETURN_TYPE = YES_ERROR;
				GCC_WARN_UNDECLARED_SELECTOR = YES;
				GCC_WARN_UNINITIALIZED_AUTOS = YES_AGGRESSIVE;
				GCC_WARN_UNUSED_FUNCTION = YES;
				GCC_WARN_UNUSED_VARIABLE = YES;
				IPHONEOS_DEPLOYMENT_TARGET = 16.0;
				MTL_ENABLE_DEBUG_INFO = INCLUDE_SOURCE;
				MTL_FAST_MATH = YES;
				ONLY_ACTIVE_ARCH = YES;
				SDKROOT = iphoneos;
				SWIFT_ACTIVE_COMPILATION_CONDITIONS = DEBUG;
				SWIFT_OPTIMIZATION_LEVEL = "-Onone";
			};
			name = Debug;
		};
		7710C9C428F50721007FC4EF /* Release */ = {
			isa = XCBuildConfiguration;
			buildSettings = {
				ALWAYS_SEARCH_USER_PATHS = NO;
				CLANG_ANALYZER_NONNULL = YES;
				CLANG_ANALYZER_NUMBER_OBJECT_CONVERSION = YES_AGGRESSIVE;
				CLANG_CXX_LANGUAGE_STANDARD = "gnu++20";
				CLANG_ENABLE_MODULES = YES;
				CLANG_ENABLE_OBJC_ARC = YES;
				CLANG_ENABLE_OBJC_WEAK = YES;
				CLANG_WARN_BLOCK_CAPTURE_AUTORELEASING = YES;
				CLANG_WARN_BOOL_CONVERSION = YES;
				CLANG_WARN_COMMA = YES;
				CLANG_WARN_CONSTANT_CONVERSION = YES;
				CLANG_WARN_DEPRECATED_OBJC_IMPLEMENTATIONS = YES;
				CLANG_WARN_DIRECT_OBJC_ISA_USAGE = YES_ERROR;
				CLANG_WARN_DOCUMENTATION_COMMENTS = YES;
				CLANG_WARN_EMPTY_BODY = YES;
				CLANG_WARN_ENUM_CONVERSION = YES;
				CLANG_WARN_INFINITE_RECURSION = YES;
				CLANG_WARN_INT_CONVERSION = YES;
				CLANG_WARN_NON_LITERAL_NULL_CONVERSION = YES;
				CLANG_WARN_OBJC_IMPLICIT_RETAIN_SELF = YES;
				CLANG_WARN_OBJC_LITERAL_CONVERSION = YES;
				CLANG_WARN_OBJC_ROOT_CLASS = YES_ERROR;
				CLANG_WARN_QUOTED_INCLUDE_IN_FRAMEWORK_HEADER = YES;
				CLANG_WARN_RANGE_LOOP_ANALYSIS = YES;
				CLANG_WARN_STRICT_PROTOTYPES = YES;
				CLANG_WARN_SUSPICIOUS_MOVE = YES;
				CLANG_WARN_UNGUARDED_AVAILABILITY = YES_AGGRESSIVE;
				CLANG_WARN_UNREACHABLE_CODE = YES;
				CLANG_WARN__DUPLICATE_METHOD_MATCH = YES;
				COPY_PHASE_STRIP = NO;
				DEBUG_INFORMATION_FORMAT = "dwarf-with-dsym";
				ENABLE_NS_ASSERTIONS = NO;
				ENABLE_STRICT_OBJC_MSGSEND = YES;
				GCC_C_LANGUAGE_STANDARD = gnu11;
				GCC_NO_COMMON_BLOCKS = YES;
				GCC_WARN_64_TO_32_BIT_CONVERSION = YES;
				GCC_WARN_ABOUT_RETURN_TYPE = YES_ERROR;
				GCC_WARN_UNDECLARED_SELECTOR = YES;
				GCC_WARN_UNINITIALIZED_AUTOS = YES_AGGRESSIVE;
				GCC_WARN_UNUSED_FUNCTION = YES;
				GCC_WARN_UNUSED_VARIABLE = YES;
				IPHONEOS_DEPLOYMENT_TARGET = 16.0;
				MTL_ENABLE_DEBUG_INFO = NO;
				MTL_FAST_MATH = YES;
				SDKROOT = iphoneos;
				SWIFT_COMPILATION_MODE = wholemodule;
				SWIFT_OPTIMIZATION_LEVEL = "-O";
				VALIDATE_PRODUCT = YES;
			};
			name = Release;
		};
		7710C9C628F50721007FC4EF /* Debug */ = {
			isa = XCBuildConfiguration;
			baseConfigurationReference = 989EF9C0D29ACF9524130198 /* Pods-Parstagram.debug.xcconfig */;
			buildSettings = {
				ASSETCATALOG_COMPILER_APPICON_NAME = AppIcon;
				ASSETCATALOG_COMPILER_GLOBAL_ACCENT_COLOR_NAME = AccentColor;
				CODE_SIGN_STYLE = Automatic;
				CURRENT_PROJECT_VERSION = 1;
				DEVELOPMENT_TEAM = TALB7XK4KM;
				GENERATE_INFOPLIST_FILE = YES;
				INFOPLIST_FILE = Parstagram/Info.plist;
				INFOPLIST_KEY_UIApplicationSupportsIndirectInputEvents = YES;
				INFOPLIST_KEY_UILaunchStoryboardName = LaunchScreen;
				INFOPLIST_KEY_UIMainStoryboardFile = Main;
				INFOPLIST_KEY_UISupportedInterfaceOrientations_iPad = "UIInterfaceOrientationPortrait UIInterfaceOrientationPortraitUpsideDown UIInterfaceOrientationLandscapeLeft UIInterfaceOrientationLandscapeRight";
				INFOPLIST_KEY_UISupportedInterfaceOrientations_iPhone = "UIInterfaceOrientationPortrait UIInterfaceOrientationLandscapeLeft UIInterfaceOrientationLandscapeRight";
				LD_RUNPATH_SEARCH_PATHS = (
					"$(inherited)",
					"@executable_path/Frameworks",
				);
				MARKETING_VERSION = 1.0;
				PRODUCT_BUNDLE_IDENTIFIER = com.elainertl.Parstagram;
				PRODUCT_NAME = "$(TARGET_NAME)";
				SWIFT_EMIT_LOC_STRINGS = YES;
				SWIFT_VERSION = 5.0;
				TARGETED_DEVICE_FAMILY = "1,2";
			};
			name = Debug;
		};
		7710C9C728F50721007FC4EF /* Release */ = {
			isa = XCBuildConfiguration;
			baseConfigurationReference = E5FBEA917B9FBCE661DBEDB8 /* Pods-Parstagram.release.xcconfig */;
			buildSettings = {
				ASSETCATALOG_COMPILER_APPICON_NAME = AppIcon;
				ASSETCATALOG_COMPILER_GLOBAL_ACCENT_COLOR_NAME = AccentColor;
				CODE_SIGN_STYLE = Automatic;
				CURRENT_PROJECT_VERSION = 1;
				DEVELOPMENT_TEAM = TALB7XK4KM;
				GENERATE_INFOPLIST_FILE = YES;
				INFOPLIST_FILE = Parstagram/Info.plist;
				INFOPLIST_KEY_UIApplicationSupportsIndirectInputEvents = YES;
				INFOPLIST_KEY_UILaunchStoryboardName = LaunchScreen;
				INFOPLIST_KEY_UIMainStoryboardFile = Main;
				INFOPLIST_KEY_UISupportedInterfaceOrientations_iPad = "UIInterfaceOrientationPortrait UIInterfaceOrientationPortraitUpsideDown UIInterfaceOrientationLandscapeLeft UIInterfaceOrientationLandscapeRight";
				INFOPLIST_KEY_UISupportedInterfaceOrientations_iPhone = "UIInterfaceOrientationPortrait UIInterfaceOrientationLandscapeLeft UIInterfaceOrientationLandscapeRight";
				LD_RUNPATH_SEARCH_PATHS = (
					"$(inherited)",
					"@executable_path/Frameworks",
				);
				MARKETING_VERSION = 1.0;
				PRODUCT_BUNDLE_IDENTIFIER = com.elainertl.Parstagram;
				PRODUCT_NAME = "$(TARGET_NAME)";
				SWIFT_EMIT_LOC_STRINGS = YES;
				SWIFT_VERSION = 5.0;
				TARGETED_DEVICE_FAMILY = "1,2";
			};
			name = Release;
		};
		7710C9C928F50721007FC4EF /* Debug */ = {
			isa = XCBuildConfiguration;
			baseConfigurationReference = 1BC9DD8721352C4F5CB784AE /* Pods-ParstagramTests.debug.xcconfig */;
			buildSettings = {
				ALWAYS_EMBED_SWIFT_STANDARD_LIBRARIES = YES;
				BUNDLE_LOADER = "$(TEST_HOST)";
				CODE_SIGN_STYLE = Automatic;
				CURRENT_PROJECT_VERSION = 1;
				DEVELOPMENT_TEAM = TALB7XK4KM;
				GENERATE_INFOPLIST_FILE = YES;
				IPHONEOS_DEPLOYMENT_TARGET = 16.0;
				MARKETING_VERSION = 1.0;
				PRODUCT_BUNDLE_IDENTIFIER = com.elainertl.ParstagramTests;
				PRODUCT_NAME = "$(TARGET_NAME)";
				SWIFT_EMIT_LOC_STRINGS = NO;
				SWIFT_VERSION = 5.0;
				TARGETED_DEVICE_FAMILY = "1,2";
				TEST_HOST = "$(BUILT_PRODUCTS_DIR)/Parstagram.app/$(BUNDLE_EXECUTABLE_FOLDER_PATH)/Parstagram";
			};
			name = Debug;
		};
		7710C9CA28F50721007FC4EF /* Release */ = {
			isa = XCBuildConfiguration;
			baseConfigurationReference = 5F91BCEF8F4E88FB9463222D /* Pods-ParstagramTests.release.xcconfig */;
			buildSettings = {
				ALWAYS_EMBED_SWIFT_STANDARD_LIBRARIES = YES;
				BUNDLE_LOADER = "$(TEST_HOST)";
				CODE_SIGN_STYLE = Automatic;
				CURRENT_PROJECT_VERSION = 1;
				DEVELOPMENT_TEAM = TALB7XK4KM;
				GENERATE_INFOPLIST_FILE = YES;
				IPHONEOS_DEPLOYMENT_TARGET = 16.0;
				MARKETING_VERSION = 1.0;
				PRODUCT_BUNDLE_IDENTIFIER = com.elainertl.ParstagramTests;
				PRODUCT_NAME = "$(TARGET_NAME)";
				SWIFT_EMIT_LOC_STRINGS = NO;
				SWIFT_VERSION = 5.0;
				TARGETED_DEVICE_FAMILY = "1,2";
				TEST_HOST = "$(BUILT_PRODUCTS_DIR)/Parstagram.app/$(BUNDLE_EXECUTABLE_FOLDER_PATH)/Parstagram";
			};
			name = Release;
		};
		7710C9CC28F50721007FC4EF /* Debug */ = {
			isa = XCBuildConfiguration;
			baseConfigurationReference = 7734AB8F70F2DFA39884B9D1 /* Pods-Parstagram-ParstagramUITests.debug.xcconfig */;
			buildSettings = {
				ALWAYS_EMBED_SWIFT_STANDARD_LIBRARIES = YES;
				CODE_SIGN_STYLE = Automatic;
				CURRENT_PROJECT_VERSION = 1;
				DEVELOPMENT_TEAM = TALB7XK4KM;
				GENERATE_INFOPLIST_FILE = YES;
				MARKETING_VERSION = 1.0;
				PRODUCT_BUNDLE_IDENTIFIER = com.elainertl.ParstagramUITests;
				PRODUCT_NAME = "$(TARGET_NAME)";
				SWIFT_EMIT_LOC_STRINGS = NO;
				SWIFT_VERSION = 5.0;
				TARGETED_DEVICE_FAMILY = "1,2";
				TEST_TARGET_NAME = Parstagram;
			};
			name = Debug;
		};
		7710C9CD28F50721007FC4EF /* Release */ = {
			isa = XCBuildConfiguration;
			baseConfigurationReference = 5102EB5DEDC5079B77AAD1AD /* Pods-Parstagram-ParstagramUITests.release.xcconfig */;
			buildSettings = {
				ALWAYS_EMBED_SWIFT_STANDARD_LIBRARIES = YES;
				CODE_SIGN_STYLE = Automatic;
				CURRENT_PROJECT_VERSION = 1;
				DEVELOPMENT_TEAM = TALB7XK4KM;
				GENERATE_INFOPLIST_FILE = YES;
				MARKETING_VERSION = 1.0;
				PRODUCT_BUNDLE_IDENTIFIER = com.elainertl.ParstagramUITests;
				PRODUCT_NAME = "$(TARGET_NAME)";
				SWIFT_EMIT_LOC_STRINGS = NO;
				SWIFT_VERSION = 5.0;
				TARGETED_DEVICE_FAMILY = "1,2";
				TEST_TARGET_NAME = Parstagram;
			};
			name = Release;
		};
/* End XCBuildConfiguration section */

/* Begin XCConfigurationList section */
		7710C99628F50721007FC4EF /* Build configuration list for PBXProject "Parstagram" */ = {
			isa = XCConfigurationList;
			buildConfigurations = (
				7710C9C328F50721007FC4EF /* Debug */,
				7710C9C428F50721007FC4EF /* Release */,
			);
			defaultConfigurationIsVisible = 0;
			defaultConfigurationName = Release;
		};
		7710C9C528F50721007FC4EF /* Build configuration list for PBXNativeTarget "Parstagram" */ = {
			isa = XCConfigurationList;
			buildConfigurations = (
				7710C9C628F50721007FC4EF /* Debug */,
				7710C9C728F50721007FC4EF /* Release */,
			);
			defaultConfigurationIsVisible = 0;
			defaultConfigurationName = Release;
		};
		7710C9C828F50721007FC4EF /* Build configuration list for PBXNativeTarget "ParstagramTests" */ = {
			isa = XCConfigurationList;
			buildConfigurations = (
				7710C9C928F50721007FC4EF /* Debug */,
				7710C9CA28F50721007FC4EF /* Release */,
			);
			defaultConfigurationIsVisible = 0;
			defaultConfigurationName = Release;
		};
		7710C9CB28F50721007FC4EF /* Build configuration list for PBXNativeTarget "ParstagramUITests" */ = {
			isa = XCConfigurationList;
			buildConfigurations = (
				7710C9CC28F50721007FC4EF /* Debug */,
				7710C9CD28F50721007FC4EF /* Release */,
			);
			defaultConfigurationIsVisible = 0;
			defaultConfigurationName = Release;
		};
/* End XCConfigurationList section */
	};
	rootObject = 7710C99328F50721007FC4EF /* Project object */;
}
